
Microsoft Visual Studio Solution File, Format Version 12.00
# Visual Studio Version 17
VisualStudioVersion = 17.0.32126.317
MinimumVisualStudioVersion = 10.0.40219.1
Project("{9A19103F-16F7-4668-BE54-9A1E7A4F7556}") = "Inventory", "Inventory\Inventory.csproj", "{FDCD8242-7378-4E71-B6E0-39BEE66FDE18}"
EndProject
Project("{FAE04EC0-301F-11D3-BF4B-00C04F79EFBC}") = "Inventory.Tests", "Inventory.Tests\Inventory.Tests.csproj", "{105F7C3D-D69D-4473-B62B-00CCBE871941}"
EndProject
Global
	GlobalSection(SolutionConfigurationPlatforms) = preSolution
		Debug|Any CPU = Debug|Any CPU
		Release|Any CPU = Release|Any CPU
	EndGlobalSection
	GlobalSection(ProjectConfigurationPlatforms) = postSolution
		{FDCD8242-7378-4E71-B6E0-39BEE66FDE18}.Debug|Any CPU.ActiveCfg = Debug|Any CPU
		{FDCD8242-7378-4E71-B6E0-39BEE66FDE18}.Debug|Any CPU.Build.0 = Debug|Any CPU
		{FDCD8242-7378-4E71-B6E0-39BEE66FDE18}.Release|Any CPU.ActiveCfg = Release|Any CPU
		{FDCD8242-7378-4E71-B6E0-39BEE66FDE18}.Release|Any CPU.Build.0 = Release|Any CPU
		{105F7C3D-D69D-4473-B62B-00CCBE871941}.Debug|Any CPU.ActiveCfg = Debug|Any CPU
		{105F7C3D-D69D-4473-B62B-00CCBE871941}.Debug|Any CPU.Build.0 = Debug|Any CPU
		{105F7C3D-D69D-4473-B62B-00CCBE871941}.Release|Any CPU.ActiveCfg = Release|Any CPU
		{105F7C3D-D69D-4473-B62B-00CCBE871941}.Release|Any CPU.Build.0 = Release|Any CPU
	EndGlobalSection
	GlobalSection(SolutionProperties) = preSolution
		HideSolutionNode = FALSE
	EndGlobalSection
	GlobalSection(ExtensibilityGlobals) = postSolution
		SolutionGuid = {275AAC84-CAE3-4F0E-ACDF-5C0ED4223338}
	EndGlobalSection
EndGlobal
