
Microsoft Visual Studio Solution File, Format Version 12.00
# Visual Studio Version 17
VisualStudioVersion = 17.1.32210.238
MinimumVisualStudioVersion = 10.0.40219.1
Project("{9A19103F-16F7-4668-BE54-9A1E7A4F7556}") = "HelloVilag", "HelloVilag\HelloVilag.csproj", "{C956C681-EBE0-41CC-B61D-FFD517765428}"
EndProject
Project("{9A19103F-16F7-4668-BE54-9A1E7A4F7556}") = "UserInput", "UserInput\UserInput.csproj", "{D783CD04-7C88-428D-9FA5-52EE7AE442F8}"
EndProject
Project("{9A19103F-16F7-4668-BE54-9A1E7A4F7556}") = "RefErtek", "RefErtek\RefErtek.csproj", "{F2C69556-5D4D-4FCB-AC2C-DC33CADEAC41}"
EndProject
Project("{9A19103F-16F7-4668-BE54-9A1E7A4F7556}") = "Serialization", "Serialization\Serialization.csproj", "{A684F6EC-AC35-4FC7-8E92-A6BAB8C6B72F}"
EndProject
Project("{9A19103F-16F7-4668-BE54-9A1E7A4F7556}") = "TesztPelda", "TesztPelda\TesztPelda.csproj", "{8B3CB0D6-89BE-4916-B3EA-E95B8FCE9945}"
EndProject
Project("{9A19103F-16F7-4668-BE54-9A1E7A4F7556}") = "TesztPelda.Tests", "TesztPelda.Tests\TesztPelda.Tests.csproj", "{1770AE85-9701-4175-8E11-D359F10BDA53}"
EndProject
Project("{9A19103F-16F7-4668-BE54-9A1E7A4F7556}") = "Linq", "Linq\Linq.csproj", "{B57AAF9C-BE67-4BC3-A488-A279D4EBFF1F}"
EndProject
Project("{FAE04EC0-301F-11D3-BF4B-00C04F79EFBC}") = "MintaShell", "MintaShell\MintaShell.csproj", "{6961257D-A8AE-40E1-A456-F059D11A2849}"
EndProject
Global
	GlobalSection(SolutionConfigurationPlatforms) = preSolution
		Debug|Any CPU = Debug|Any CPU
		Release|Any CPU = Release|Any CPU
	EndGlobalSection
	GlobalSection(ProjectConfigurationPlatforms) = postSolution
		{C956C681-EBE0-41CC-B61D-FFD517765428}.Debug|Any CPU.ActiveCfg = Debug|Any CPU
		{C956C681-EBE0-41CC-B61D-FFD517765428}.Debug|Any CPU.Build.0 = Debug|Any CPU
		{C956C681-EBE0-41CC-B61D-FFD517765428}.Release|Any CPU.ActiveCfg = Release|Any CPU
		{C956C681-EBE0-41CC-B61D-FFD517765428}.Release|Any CPU.Build.0 = Release|Any CPU
		{D783CD04-7C88-428D-9FA5-52EE7AE442F8}.Debug|Any CPU.ActiveCfg = Debug|Any CPU
		{D783CD04-7C88-428D-9FA5-52EE7AE442F8}.Debug|Any CPU.Build.0 = Debug|Any CPU
		{D783CD04-7C88-428D-9FA5-52EE7AE442F8}.Release|Any CPU.ActiveCfg = Release|Any CPU
		{D783CD04-7C88-428D-9FA5-52EE7AE442F8}.Release|Any CPU.Build.0 = Release|Any CPU
		{F2C69556-5D4D-4FCB-AC2C-DC33CADEAC41}.Debug|Any CPU.ActiveCfg = Debug|Any CPU
		{F2C69556-5D4D-4FCB-AC2C-DC33CADEAC41}.Debug|Any CPU.Build.0 = Debug|Any CPU
		{F2C69556-5D4D-4FCB-AC2C-DC33CADEAC41}.Release|Any CPU.ActiveCfg = Release|Any CPU
		{F2C69556-5D4D-4FCB-AC2C-DC33CADEAC41}.Release|Any CPU.Build.0 = Release|Any CPU
		{A684F6EC-AC35-4FC7-8E92-A6BAB8C6B72F}.Debug|Any CPU.ActiveCfg = Debug|Any CPU
		{A684F6EC-AC35-4FC7-8E92-A6BAB8C6B72F}.Debug|Any CPU.Build.0 = Debug|Any CPU
		{A684F6EC-AC35-4FC7-8E92-A6BAB8C6B72F}.Release|Any CPU.ActiveCfg = Release|Any CPU
		{A684F6EC-AC35-4FC7-8E92-A6BAB8C6B72F}.Release|Any CPU.Build.0 = Release|Any CPU
		{8B3CB0D6-89BE-4916-B3EA-E95B8FCE9945}.Debug|Any CPU.ActiveCfg = Debug|Any CPU
		{8B3CB0D6-89BE-4916-B3EA-E95B8FCE9945}.Debug|Any CPU.Build.0 = Debug|Any CPU
		{8B3CB0D6-89BE-4916-B3EA-E95B8FCE9945}.Release|Any CPU.ActiveCfg = Release|Any CPU
		{8B3CB0D6-89BE-4916-B3EA-E95B8FCE9945}.Release|Any CPU.Build.0 = Release|Any CPU
		{1770AE85-9701-4175-8E11-D359F10BDA53}.Debug|Any CPU.ActiveCfg = Debug|Any CPU
		{1770AE85-9701-4175-8E11-D359F10BDA53}.Debug|Any CPU.Build.0 = Debug|Any CPU
		{1770AE85-9701-4175-8E11-D359F10BDA53}.Release|Any CPU.ActiveCfg = Release|Any CPU
		{1770AE85-9701-4175-8E11-D359F10BDA53}.Release|Any CPU.Build.0 = Release|Any CPU
		{B57AAF9C-BE67-4BC3-A488-A279D4EBFF1F}.Debug|Any CPU.ActiveCfg = Debug|Any CPU
		{B57AAF9C-BE67-4BC3-A488-A279D4EBFF1F}.Debug|Any CPU.Build.0 = Debug|Any CPU
		{B57AAF9C-BE67-4BC3-A488-A279D4EBFF1F}.Release|Any CPU.ActiveCfg = Release|Any CPU
		{B57AAF9C-BE67-4BC3-A488-A279D4EBFF1F}.Release|Any CPU.Build.0 = Release|Any CPU
		{6961257D-A8AE-40E1-A456-F059D11A2849}.Debug|Any CPU.ActiveCfg = Debug|Any CPU
		{6961257D-A8AE-40E1-A456-F059D11A2849}.Debug|Any CPU.Build.0 = Debug|Any CPU
		{6961257D-A8AE-40E1-A456-F059D11A2849}.Release|Any CPU.ActiveCfg = Release|Any CPU
		{6961257D-A8AE-40E1-A456-F059D11A2849}.Release|Any CPU.Build.0 = Release|Any CPU
	EndGlobalSection
	GlobalSection(SolutionProperties) = preSolution
		HideSolutionNode = FALSE
	EndGlobalSection
	GlobalSection(ExtensibilityGlobals) = postSolution
		SolutionGuid = {D8FEDC2C-A691-48D9-9E51-C7A1B591CC62}
	EndGlobalSection
EndGlobal
