
Microsoft Visual Studio Solution File, Format Version 12.00
# Visual Studio Version 17
VisualStudioVersion = 17.1.32421.90
MinimumVisualStudioVersion = 10.0.40219.1
Project("{FAE04EC0-301F-11D3-BF4B-00C04F79EFBC}") = "FilmDataBase", "FilmDataBase\FilmDataBase.csproj", "{D46488FA-1C2B-4DBD-AC3E-2FCBA67B8E93}"
EndProject
Global
	GlobalSection(SolutionConfigurationPlatforms) = preSolution
		Debug|Any CPU = Debug|Any CPU
		Release|Any CPU = Release|Any CPU
	EndGlobalSection
	GlobalSection(ProjectConfigurationPlatforms) = postSolution
		{D46488FA-1C2B-4DBD-AC3E-2FCBA67B8E93}.Debug|Any CPU.ActiveCfg = Debug|Any CPU
		{D46488FA-1C2B-4DBD-AC3E-2FCBA67B8E93}.Debug|Any CPU.Build.0 = Debug|Any CPU
		{D46488FA-1C2B-4DBD-AC3E-2FCBA67B8E93}.Release|Any CPU.ActiveCfg = Release|Any CPU
		{D46488FA-1C2B-4DBD-AC3E-2FCBA67B8E93}.Release|Any CPU.Build.0 = Release|Any CPU
	EndGlobalSection
	GlobalSection(SolutionProperties) = preSolution
		HideSolutionNode = FALSE
	EndGlobalSection
	GlobalSection(ExtensibilityGlobals) = postSolution
		SolutionGuid = {C18E19AB-920C-44BE-BAA7-31E71C49AD5C}
	EndGlobalSection
EndGlobal
