
Microsoft Visual Studio Solution File, Format Version 12.00
# Visual Studio Version 17
VisualStudioVersion = 17.1.32228.430
MinimumVisualStudioVersion = 10.0.40219.1
Project("{FAE04EC0-301F-11D3-BF4B-00C04F79EFBC}") = "tic-tac-toe", "tic-tac-toe\tic-tac-toe.csproj", "{152452CF-B156-4AF3-A0FE-1467F09BA144}"
EndProject
Global
	GlobalSection(SolutionConfigurationPlatforms) = preSolution
		Debug|Any CPU = Debug|Any CPU
		Release|Any CPU = Release|Any CPU
	EndGlobalSection
	GlobalSection(ProjectConfigurationPlatforms) = postSolution
		{152452CF-B156-4AF3-A0FE-1467F09BA144}.Debug|Any CPU.ActiveCfg = Debug|Any CPU
		{152452CF-B156-4AF3-A0FE-1467F09BA144}.Debug|Any CPU.Build.0 = Debug|Any CPU
		{152452CF-B156-4AF3-A0FE-1467F09BA144}.Release|Any CPU.ActiveCfg = Release|Any CPU
		{152452CF-B156-4AF3-A0FE-1467F09BA144}.Release|Any CPU.Build.0 = Release|Any CPU
	EndGlobalSection
	GlobalSection(SolutionProperties) = preSolution
		HideSolutionNode = FALSE
	EndGlobalSection
	GlobalSection(ExtensibilityGlobals) = postSolution
		SolutionGuid = {58D4C8BA-4467-44F1-B336-965C25AE4339}
	EndGlobalSection
EndGlobal
